
Microsoft Visual Studio Solution File, Format Version 12.00
# Visual Studio Version 16
VisualStudioVersion = 16.0.29806.167
MinimumVisualStudioVersion = 10.0.40219.1
Project("{9A19103F-16F7-4668-BE54-9A1E7A4F7556}") = "AspNetCoreZhaoMvc", "AspNetCoreZhaoMvc\AspNetCoreZhaoMvc.csproj", "{6564E7DE-ECDA-4696-B8BB-0106D23D129E}"
EndProject
Project("{2150E333-8FDC-42A3-9474-1A3956D46DE8}") = "02.Repository", "02.Repository", "{9852C598-F659-4909-BEFE-517BE00E4AD9}"
EndProject
Project("{9A19103F-16F7-4668-BE54-9A1E7A4F7556}") = "AspNetCoreZhaoMvc.Repository", "AspNetCoreZhaoMvc.Repository\AspNetCoreZhaoMvc.Repository.csproj", "{38A7E87B-6E46-41EB-B542-2F0CBEE93122}"
EndProject
Project("{2150E333-8FDC-42A3-9474-1A3956D46DE8}") = "03.Domain", "03.Domain", "{9FFF3EE0-F49C-4BAC-BBB5-0568893A7B0E}"
EndProject
Project("{9A19103F-16F7-4668-BE54-9A1E7A4F7556}") = "AspNetCoreZhaoMvc.Domain", "AspNetCoreZhaoMvc.Domain\AspNetCoreZhaoMvc.Domain.csproj", "{C84FDE82-5440-45E6-8F74-DFB0A5CC7DE2}"
EndProject
Project("{2150E333-8FDC-42A3-9474-1A3956D46DE8}") = "01.UI", "01.UI", "{3A4688CE-C213-431B-B2EB-E3BE90F6AF3D}"
EndProject
Project("{2150E333-8FDC-42A3-9474-1A3956D46DE8}") = "04.Services", "04.Services", "{4494470E-E1B3-48ED-BDA9-F524AC155A45}"
EndProject
Project("{9A19103F-16F7-4668-BE54-9A1E7A4F7556}") = "AspNetCoreZhaoMvc.Service", "AspNetCoreZhaoMvc.Service\AspNetCoreZhaoMvc.Service.csproj", "{DF2517A5-37C2-4C79-BF9D-27980B07F82F}"
EndProject
Project("{2150E333-8FDC-42A3-9474-1A3956D46DE8}") = "05.Commons", "05.Commons", "{9ADF4538-72E1-4B11-8712-D535C2594F1E}"
EndProject
Project("{FAE04EC0-301F-11D3-BF4B-00C04F79EFBC}") = "AspNetCoreZhaoMvc.Core.Common", "AspNetCoreZhaoMvc.Core.Common\AspNetCoreZhaoMvc.Core.Common.csproj", "{967934E3-DA5C-4A02-B7C8-0A3E3CD48FAB}"
EndProject
Global
	GlobalSection(SolutionConfigurationPlatforms) = preSolution
		Debug|Any CPU = Debug|Any CPU
		Release|Any CPU = Release|Any CPU
	EndGlobalSection
	GlobalSection(ProjectConfigurationPlatforms) = postSolution
		{6564E7DE-ECDA-4696-B8BB-0106D23D129E}.Debug|Any CPU.ActiveCfg = Debug|Any CPU
		{6564E7DE-ECDA-4696-B8BB-0106D23D129E}.Debug|Any CPU.Build.0 = Debug|Any CPU
		{6564E7DE-ECDA-4696-B8BB-0106D23D129E}.Release|Any CPU.ActiveCfg = Release|Any CPU
		{6564E7DE-ECDA-4696-B8BB-0106D23D129E}.Release|Any CPU.Build.0 = Release|Any CPU
		{38A7E87B-6E46-41EB-B542-2F0CBEE93122}.Debug|Any CPU.ActiveCfg = Debug|Any CPU
		{38A7E87B-6E46-41EB-B542-2F0CBEE93122}.Debug|Any CPU.Build.0 = Debug|Any CPU
		{38A7E87B-6E46-41EB-B542-2F0CBEE93122}.Release|Any CPU.ActiveCfg = Release|Any CPU
		{38A7E87B-6E46-41EB-B542-2F0CBEE93122}.Release|Any CPU.Build.0 = Release|Any CPU
		{C84FDE82-5440-45E6-8F74-DFB0A5CC7DE2}.Debug|Any CPU.ActiveCfg = Debug|Any CPU
		{C84FDE82-5440-45E6-8F74-DFB0A5CC7DE2}.Debug|Any CPU.Build.0 = Debug|Any CPU
		{C84FDE82-5440-45E6-8F74-DFB0A5CC7DE2}.Release|Any CPU.ActiveCfg = Release|Any CPU
		{C84FDE82-5440-45E6-8F74-DFB0A5CC7DE2}.Release|Any CPU.Build.0 = Release|Any CPU
		{DF2517A5-37C2-4C79-BF9D-27980B07F82F}.Debug|Any CPU.ActiveCfg = Debug|Any CPU
		{DF2517A5-37C2-4C79-BF9D-27980B07F82F}.Debug|Any CPU.Build.0 = Debug|Any CPU
		{DF2517A5-37C2-4C79-BF9D-27980B07F82F}.Release|Any CPU.ActiveCfg = Release|Any CPU
		{DF2517A5-37C2-4C79-BF9D-27980B07F82F}.Release|Any CPU.Build.0 = Release|Any CPU
		{967934E3-DA5C-4A02-B7C8-0A3E3CD48FAB}.Debug|Any CPU.ActiveCfg = Debug|Any CPU
		{967934E3-DA5C-4A02-B7C8-0A3E3CD48FAB}.Debug|Any CPU.Build.0 = Debug|Any CPU
		{967934E3-DA5C-4A02-B7C8-0A3E3CD48FAB}.Release|Any CPU.ActiveCfg = Release|Any CPU
		{967934E3-DA5C-4A02-B7C8-0A3E3CD48FAB}.Release|Any CPU.Build.0 = Release|Any CPU
	EndGlobalSection
	GlobalSection(SolutionProperties) = preSolution
		HideSolutionNode = FALSE
	EndGlobalSection
	GlobalSection(NestedProjects) = preSolution
		{6564E7DE-ECDA-4696-B8BB-0106D23D129E} = {3A4688CE-C213-431B-B2EB-E3BE90F6AF3D}
		{38A7E87B-6E46-41EB-B542-2F0CBEE93122} = {9852C598-F659-4909-BEFE-517BE00E4AD9}
		{C84FDE82-5440-45E6-8F74-DFB0A5CC7DE2} = {9FFF3EE0-F49C-4BAC-BBB5-0568893A7B0E}
		{DF2517A5-37C2-4C79-BF9D-27980B07F82F} = {4494470E-E1B3-48ED-BDA9-F524AC155A45}
		{967934E3-DA5C-4A02-B7C8-0A3E3CD48FAB} = {9ADF4538-72E1-4B11-8712-D535C2594F1E}
	EndGlobalSection
	GlobalSection(ExtensibilityGlobals) = postSolution
		SolutionGuid = {E800D12F-033F-40AF-A95C-3302DBAE4983}
	EndGlobalSection
EndGlobal
